{
    "default": {
        "appnope": {
            "version": "==0.1.0",
            "hash": "sha256:5b26757dc6f79a3b7dc9fab95359328d5747fcb2409d331ea66d0272b90ab2a0"
        },
        "pexpect": {
            "version": "==4.2.1",
            "hash": "sha256:f853b52afaf3b064d29854771e2db509ef80392509bde2dd7a6ecf2dfc3f0018"
        },
        "traitlets": {
            "version": "==4.3.2",
            "hash": "sha256:c6cb5e6f57c5a9bdaa40fa71ce7b4af30298fbab9ece9815b5d995ab6217c7d9"
        },
        "simplegeneric": {
            "version": "==0.8.1",
            "hash": "sha256:dc972e06094b9af5b855b3df4a646395e43d1c9d0d39ed345b7393560d0b9173"
        },
        "six": {
            "version": "==1.10.0",
            "hash": "sha256:0ff78c403d9bccf5a425a6d31a12aa6b47f1c21ca4dc2573a7e2f32a97335eb1"
        },
        "ipython-genutils": {
            "version": "==0.2.0",
            "hash": "sha256:72dd37233799e619666c9f639a9da83c34013a73e8bbc79a7a6348d93c61fab8"
        },
        "ptyprocess": {
            "version": "==0.5.1",
            "hash": "sha256:464cb76f7a7122743dd25507650db89cd447c51f38e4671602b3eaa2e38e05ae"
        },
        "wcwidth": {
            "version": "==0.1.7",
            "hash": "sha256:f4ebe71925af7b40a864553f761ed559b43544f8f71746c2d756c7fe788ade7c"
        },
        "packaging": {
            "version": "==16.8",
            "hash": "sha256:99276dc6e3a7851f32027a68f1095cd3f77c148091b092ea867a351811cfe388"
        },
        "pygments": {
            "version": "==2.2.0",
            "hash": "sha256:78f3f434bcc5d6ee09020f92ba487f95ba50f1e3ef83ae96b9d5ffa1bab25c5d"
        },
        "igraph": {
            "version": "==0.1.11",
            "hash": "sha256:96db2b3f080223bd5f04439fa645381076361d7c99f6349037cdda84934d8a50"
        },
        "setuptools": {
            "version": "==34.3.3",
            "hash": "sha256:e436d8c9dcf67ea8902bfa7cce1ef698f36bf303f13b4f62a5668891ecd380dd"
        },
        "ipython": {
            "version": "==5.3.0",
            "hash": "sha256:54d2ec3ba66ae2e0a34b2b48c85c4818d8ca040edd36ffe81f1e460dd5e03ae5"
        },
        "prompt-toolkit": {
            "version": "==1.0.14",
            "hash": "sha256:7281b5199235adaef6980942840c43753e4ab20dfe41338da634fb41c194f9d8"
        },
        "pyparsing": {
            "version": "==2.2.0",
            "hash": "sha256:fee43f17a9c4087e7ed1605bd6df994c6173c1e977d7ade7b651292fab2bd010"
        },
        "pickleshare": {
            "version": "==0.7.4",
            "hash": "sha256:c9a2541f25aeabc070f12f452e1f2a8eae2abd51e1cd19e8430402bdf4c1d8b5"
        },
        "decorator": {
            "version": "==4.0.11",
            "hash": "sha256:73cbaadb8bc4e3c65fe1100773d56331a2d756cc0f5c7b9d8d5d5223fe04f600"
        },
        "appdirs": {
            "version": "==1.4.3",
            "hash": "sha256:d8b24664561d0d34ddfaec54636d502d7cea6e29c3eaf68f3df6180863e2166e"
        }
    },
    "develop": {},
    "_meta": {
        "sources": [
            {
                "url": "https://pypi.python.org/simple",
                "verify_ssl": true
            }
        ],
        "requires": {},
        "hash": {
            "sha256": "a6d4de6746711d3fc8a98783b65992ec1c838d16db6320dcf9f2f1058b2026b9"
        }
    }
}